
Microsoft Visual Studio Solution File, Format Version 12.00
# Visual Studio Version 17
VisualStudioVersion = 17.11.35312.102
MinimumVisualStudioVersion = 10.0.40219.1
Project("{2150E333-8FDC-42A3-9474-1A3956D46DE8}") = "Task0", "Task0", "{6EED7DA0-3805-41A6-9D53-1E2719835060}"
EndProject
Project("{9A19103F-16F7-4668-BE54-9A1E7A4F7556}") = "Tyuiu.KorobeinikovaDD.Sprint1.Task0.V12", "Tyuiu.KorobeinikovaDD.Sprint1.Task0.V12\Tyuiu.KorobeinikovaDD.Sprint1.Task0.V12.csproj", "{A8587B0A-0623-4BAE-8B6F-B59213B44E04}"
EndProject
Project("{9A19103F-16F7-4668-BE54-9A1E7A4F7556}") = "Tyuiu.KorobeinikovaDD.Sprint1.Task0.V12.Lib", "Tyuiu.KorobeinikovaDD.Sprint1.Task0.V12.Lib\Tyuiu.KorobeinikovaDD.Sprint1.Task0.V12.Lib.csproj", "{F37FBA59-E242-46C4-B3E9-9F69E7A08CF7}"
EndProject
Project("{9A19103F-16F7-4668-BE54-9A1E7A4F7556}") = "Tyuiu.KorobeinikovaDD.Sprint1.Task0.V12.Test", "Tyuiu.KorobeinikovaDD.Sprint1.Task0.V12.Test\Tyuiu.KorobeinikovaDD.Sprint1.Task0.V12.Test.csproj", "{6E5B685B-679C-483F-852C-72AF5F369675}"
EndProject
Project("{2150E333-8FDC-42A3-9474-1A3956D46DE8}") = "Task1", "Task1", "{250494BA-A673-4D28-9EB4-E2D9AB4A6024}"
EndProject
Project("{9A19103F-16F7-4668-BE54-9A1E7A4F7556}") = "Tyuiu.KorobeinikovaDD.Sprint1.Task1.V27", "Tyuiu.KorobeinikovaDD.Sprint1.Task1.V27\Tyuiu.KorobeinikovaDD.Sprint1.Task1.V27.csproj", "{D0B75BF1-3DFA-4866-91C5-DBB585D2F9AC}"
EndProject
Project("{9A19103F-16F7-4668-BE54-9A1E7A4F7556}") = "Tyuiu.KorobeinikovaDD.Sprint1.Task1.V27.Lib", "Tyuiu.KorobeinikovaDD.Sprint1.Task1.V27.Lib\Tyuiu.KorobeinikovaDD.Sprint1.Task1.V27.Lib.csproj", "{022A26D6-6E34-4835-BC38-35A899405E7F}"
EndProject
Project("{9A19103F-16F7-4668-BE54-9A1E7A4F7556}") = "Tyuiu.KorobeinikovaDD.Sprint1.Task1.V27.Test", "Tyuiu.KorobeinikovaDD.Sprint1.Task1.V27.Test\Tyuiu.KorobeinikovaDD.Sprint1.Task1.V27.Test.csproj", "{71DE14F1-7780-4CE5-8700-6C29527FE9C4}"
EndProject
Project("{2150E333-8FDC-42A3-9474-1A3956D46DE8}") = "Task2", "Task2", "{CF84AEB5-1491-4298-965D-5F6A5B7D7BFE}"
EndProject
Project("{9A19103F-16F7-4668-BE54-9A1E7A4F7556}") = "Tyuiu.KorobeinikovaDD.Sprint1.Task2.V24", "Tyuiu.KorobeinikovaDD.Sprint1.Task2.V24\Tyuiu.KorobeinikovaDD.Sprint1.Task2.V24.csproj", "{6852312B-7019-41BD-BF8B-93548AF7C88D}"
EndProject
Project("{9A19103F-16F7-4668-BE54-9A1E7A4F7556}") = "Tyuiu.KorobeinikovaDD.Sprint1.Task2.V24.Lib", "Tyuiu.KorobeinikovaDD.Sprint1.Task2.V24.Lib\Tyuiu.KorobeinikovaDD.Sprint1.Task2.V24.Lib.csproj", "{959F67DF-213D-4362-BABF-643E80A22A35}"
EndProject
Project("{9A19103F-16F7-4668-BE54-9A1E7A4F7556}") = "Tyuiu.KorobeinikovaDD.Sprint1.Task2.V24.Test", "Tyuiu.KorobeinikovaDD.Sprint1.Task2.V24.Test\Tyuiu.KorobeinikovaDD.Sprint1.Task2.V24.Test.csproj", "{BE907846-AF61-44CB-9F65-8E811D00C291}"
EndProject
Project("{2150E333-8FDC-42A3-9474-1A3956D46DE8}") = "Task3", "Task3", "{E75BDD94-EF60-4010-9173-A00CDFDDBA29}"
EndProject
Project("{9A19103F-16F7-4668-BE54-9A1E7A4F7556}") = "Tyuiu.KorobeinikovaDD.Sprint1.Task3.V14", "Tyuiu.KorobeinikovaDD.Sprint1.Task3.V14\Tyuiu.KorobeinikovaDD.Sprint1.Task3.V14.csproj", "{46B26773-FC8D-4DE6-AABD-039157CFFBD1}"
EndProject
Project("{9A19103F-16F7-4668-BE54-9A1E7A4F7556}") = "Tyuiu.KorobeinikovaDD.Sprint1.Task3.V14.Lib", "Tyuiu.KorobeinikovaDD.Sprint1.Task3.V14.Lib\Tyuiu.KorobeinikovaDD.Sprint1.Task3.V14.Lib.csproj", "{00C6682D-992C-4734-9FCF-388A49E2DD09}"
EndProject
Project("{9A19103F-16F7-4668-BE54-9A1E7A4F7556}") = "Tyuiu.KorobeinikovaDD.Sprint1.Task3.V14.Test", "Tyuiu.KorobeinikovaDD.Sprint1.Task3.V14.Test\Tyuiu.KorobeinikovaDD.Sprint1.Task3.V14.Test.csproj", "{8079DC2D-D320-481E-8876-3A11CB43049C}"
EndProject
Project("{2150E333-8FDC-42A3-9474-1A3956D46DE8}") = "Task4", "Task4", "{DE2B4ECB-496E-4397-A6FA-C5F0F82AAB5B}"
EndProject
Project("{9A19103F-16F7-4668-BE54-9A1E7A4F7556}") = "Tyuiu.KorobeinikovaDD.Sprint1.Task4.V12", "Tyuiu.KorobeinikovaDD.Sprint1.Task4.V12\Tyuiu.KorobeinikovaDD.Sprint1.Task4.V12.csproj", "{53AA1876-69CB-4251-A636-3A0B1D0F3B8B}"
EndProject
Project("{9A19103F-16F7-4668-BE54-9A1E7A4F7556}") = "Tyuiu.KorobeinikovaDD.Sprint1.Task4.V12.Test", "Tyuiu.KorobeinikovaDD.Sprint1.Task4.V12.Test\Tyuiu.KorobeinikovaDD.Sprint1.Task4.V12.Test.csproj", "{4860C864-6E8B-4513-A2F5-1BE20208EE00}"
EndProject
Project("{9A19103F-16F7-4668-BE54-9A1E7A4F7556}") = "Tyuiu.KorobeinikovaDD.Sprint1.Task4.V12.Lib", "Tyuiu.KorobeinikovaDD.Sprint1.Task4.V12.Lib\Tyuiu.KorobeinikovaDD.Sprint1.Task4.V12.Lib.csproj", "{7C6C9911-87CB-41BA-ADDB-471418BEF234}"
EndProject
Project("{2150E333-8FDC-42A3-9474-1A3956D46DE8}") = "Task5", "Task5", "{61CBB5C8-48F9-43B8-8C81-176CD5D92BBE}"
EndProject
Project("{9A19103F-16F7-4668-BE54-9A1E7A4F7556}") = "Tyuiu.KorobeinikovaDD.Sprint1.Task5.V6", "Tyuiu.KorobeinikovaDD.Sprint1.Task5.V6\Tyuiu.KorobeinikovaDD.Sprint1.Task5.V6.csproj", "{784E8787-E863-4F01-BB3D-EDBFF246D984}"
EndProject
Project("{9A19103F-16F7-4668-BE54-9A1E7A4F7556}") = "Tyuiu.KorobeinikovaDD.Sprint1.Task5.V6.Lib", "Tyuiu.KorobeinikovaDD.Sprint1.Task5.V6.Lib\Tyuiu.KorobeinikovaDD.Sprint1.Task5.V6.Lib.csproj", "{BF6F476E-F23C-4AC1-82A9-6DBC74095806}"
EndProject
Project("{9A19103F-16F7-4668-BE54-9A1E7A4F7556}") = "Tyuiu.KorobeinikovaDD.Sprint1.Task5.V6.Test", "Tyuiu.KorobeinikovaDD.Sprint1.Task5.V6.Test\Tyuiu.KorobeinikovaDD.Sprint1.Task5.V6.Test.csproj", "{4B060C14-11F8-4B6B-9415-4EE60D2CFB23}"
EndProject
Project("{2150E333-8FDC-42A3-9474-1A3956D46DE8}") = "Task6", "Task6", "{6575C842-C24B-4E9E-A377-D6E137BA9471}"
EndProject
Project("{FAE04EC0-301F-11D3-BF4B-00C04F79EFBC}") = "Tyuiu.KorobeinikovaDD.Sprint1.Task6.V14", "Tyuiu.KorobeinikovaDD.Sprint1.Task6.V14\Tyuiu.KorobeinikovaDD.Sprint1.Task6.V14.csproj", "{6222D097-8690-4AB5-87F9-67C9DA15C96B}"
EndProject
Project("{FAE04EC0-301F-11D3-BF4B-00C04F79EFBC}") = "Tyuiu.KorobeinikovaDD.Sprint1.Task6.V14.Lib", "Tyuiu.KorobeinikovaDD.Sprint1.Task6.V14.Lib\Tyuiu.KorobeinikovaDD.Sprint1.Task6.V14.Lib.csproj", "{AD03CEFD-0CEF-4461-A367-508FD90A2C5F}"
EndProject
Project("{FAE04EC0-301F-11D3-BF4B-00C04F79EFBC}") = "Tyuiu.KorobeinikovaDD.Sprint1.Task6.V14.Test", "Tyuiu.KorobeinikovaDD.Sprint1.Task6.V14.Test\Tyuiu.KorobeinikovaDD.Sprint1.Task6.V14.Test.csproj", "{E73A8DDB-5906-4338-A27E-2BB90A00B661}"
EndProject
Global
	GlobalSection(SolutionConfigurationPlatforms) = preSolution
		Debug|Any CPU = Debug|Any CPU
		Release|Any CPU = Release|Any CPU
	EndGlobalSection
	GlobalSection(ProjectConfigurationPlatforms) = postSolution
		{A8587B0A-0623-4BAE-8B6F-B59213B44E04}.Debug|Any CPU.ActiveCfg = Debug|Any CPU
		{A8587B0A-0623-4BAE-8B6F-B59213B44E04}.Debug|Any CPU.Build.0 = Debug|Any CPU
		{A8587B0A-0623-4BAE-8B6F-B59213B44E04}.Release|Any CPU.ActiveCfg = Release|Any CPU
		{A8587B0A-0623-4BAE-8B6F-B59213B44E04}.Release|Any CPU.Build.0 = Release|Any CPU
		{F37FBA59-E242-46C4-B3E9-9F69E7A08CF7}.Debug|Any CPU.ActiveCfg = Debug|Any CPU
		{F37FBA59-E242-46C4-B3E9-9F69E7A08CF7}.Debug|Any CPU.Build.0 = Debug|Any CPU
		{F37FBA59-E242-46C4-B3E9-9F69E7A08CF7}.Release|Any CPU.ActiveCfg = Release|Any CPU
		{F37FBA59-E242-46C4-B3E9-9F69E7A08CF7}.Release|Any CPU.Build.0 = Release|Any CPU
		{6E5B685B-679C-483F-852C-72AF5F369675}.Debug|Any CPU.ActiveCfg = Debug|Any CPU
		{6E5B685B-679C-483F-852C-72AF5F369675}.Debug|Any CPU.Build.0 = Debug|Any CPU
		{6E5B685B-679C-483F-852C-72AF5F369675}.Release|Any CPU.ActiveCfg = Release|Any CPU
		{6E5B685B-679C-483F-852C-72AF5F369675}.Release|Any CPU.Build.0 = Release|Any CPU
		{D0B75BF1-3DFA-4866-91C5-DBB585D2F9AC}.Debug|Any CPU.ActiveCfg = Debug|Any CPU
		{D0B75BF1-3DFA-4866-91C5-DBB585D2F9AC}.Debug|Any CPU.Build.0 = Debug|Any CPU
		{D0B75BF1-3DFA-4866-91C5-DBB585D2F9AC}.Release|Any CPU.ActiveCfg = Release|Any CPU
		{D0B75BF1-3DFA-4866-91C5-DBB585D2F9AC}.Release|Any CPU.Build.0 = Release|Any CPU
		{022A26D6-6E34-4835-BC38-35A899405E7F}.Debug|Any CPU.ActiveCfg = Debug|Any CPU
		{022A26D6-6E34-4835-BC38-35A899405E7F}.Debug|Any CPU.Build.0 = Debug|Any CPU
		{022A26D6-6E34-4835-BC38-35A899405E7F}.Release|Any CPU.ActiveCfg = Release|Any CPU
		{022A26D6-6E34-4835-BC38-35A899405E7F}.Release|Any CPU.Build.0 = Release|Any CPU
		{71DE14F1-7780-4CE5-8700-6C29527FE9C4}.Debug|Any CPU.ActiveCfg = Debug|Any CPU
		{71DE14F1-7780-4CE5-8700-6C29527FE9C4}.Debug|Any CPU.Build.0 = Debug|Any CPU
		{71DE14F1-7780-4CE5-8700-6C29527FE9C4}.Release|Any CPU.ActiveCfg = Release|Any CPU
		{71DE14F1-7780-4CE5-8700-6C29527FE9C4}.Release|Any CPU.Build.0 = Release|Any CPU
		{6852312B-7019-41BD-BF8B-93548AF7C88D}.Debug|Any CPU.ActiveCfg = Debug|Any CPU
		{6852312B-7019-41BD-BF8B-93548AF7C88D}.Debug|Any CPU.Build.0 = Debug|Any CPU
		{6852312B-7019-41BD-BF8B-93548AF7C88D}.Release|Any CPU.ActiveCfg = Release|Any CPU
		{6852312B-7019-41BD-BF8B-93548AF7C88D}.Release|Any CPU.Build.0 = Release|Any CPU
		{959F67DF-213D-4362-BABF-643E80A22A35}.Debug|Any CPU.ActiveCfg = Debug|Any CPU
		{959F67DF-213D-4362-BABF-643E80A22A35}.Debug|Any CPU.Build.0 = Debug|Any CPU
		{959F67DF-213D-4362-BABF-643E80A22A35}.Release|Any CPU.ActiveCfg = Release|Any CPU
		{959F67DF-213D-4362-BABF-643E80A22A35}.Release|Any CPU.Build.0 = Release|Any CPU
		{BE907846-AF61-44CB-9F65-8E811D00C291}.Debug|Any CPU.ActiveCfg = Debug|Any CPU
		{BE907846-AF61-44CB-9F65-8E811D00C291}.Debug|Any CPU.Build.0 = Debug|Any CPU
		{BE907846-AF61-44CB-9F65-8E811D00C291}.Release|Any CPU.ActiveCfg = Release|Any CPU
		{BE907846-AF61-44CB-9F65-8E811D00C291}.Release|Any CPU.Build.0 = Release|Any CPU
		{46B26773-FC8D-4DE6-AABD-039157CFFBD1}.Debug|Any CPU.ActiveCfg = Debug|Any CPU
		{46B26773-FC8D-4DE6-AABD-039157CFFBD1}.Debug|Any CPU.Build.0 = Debug|Any CPU
		{46B26773-FC8D-4DE6-AABD-039157CFFBD1}.Release|Any CPU.ActiveCfg = Release|Any CPU
		{46B26773-FC8D-4DE6-AABD-039157CFFBD1}.Release|Any CPU.Build.0 = Release|Any CPU
		{00C6682D-992C-4734-9FCF-388A49E2DD09}.Debug|Any CPU.ActiveCfg = Debug|Any CPU
		{00C6682D-992C-4734-9FCF-388A49E2DD09}.Debug|Any CPU.Build.0 = Debug|Any CPU
		{00C6682D-992C-4734-9FCF-388A49E2DD09}.Release|Any CPU.ActiveCfg = Release|Any CPU
		{00C6682D-992C-4734-9FCF-388A49E2DD09}.Release|Any CPU.Build.0 = Release|Any CPU
		{8079DC2D-D320-481E-8876-3A11CB43049C}.Debug|Any CPU.ActiveCfg = Debug|Any CPU
		{8079DC2D-D320-481E-8876-3A11CB43049C}.Debug|Any CPU.Build.0 = Debug|Any CPU
		{8079DC2D-D320-481E-8876-3A11CB43049C}.Release|Any CPU.ActiveCfg = Release|Any CPU
		{8079DC2D-D320-481E-8876-3A11CB43049C}.Release|Any CPU.Build.0 = Release|Any CPU
		{53AA1876-69CB-4251-A636-3A0B1D0F3B8B}.Debug|Any CPU.ActiveCfg = Debug|Any CPU
		{53AA1876-69CB-4251-A636-3A0B1D0F3B8B}.Debug|Any CPU.Build.0 = Debug|Any CPU
		{53AA1876-69CB-4251-A636-3A0B1D0F3B8B}.Release|Any CPU.ActiveCfg = Release|Any CPU
		{53AA1876-69CB-4251-A636-3A0B1D0F3B8B}.Release|Any CPU.Build.0 = Release|Any CPU
		{4860C864-6E8B-4513-A2F5-1BE20208EE00}.Debug|Any CPU.ActiveCfg = Debug|Any CPU
		{4860C864-6E8B-4513-A2F5-1BE20208EE00}.Debug|Any CPU.Build.0 = Debug|Any CPU
		{4860C864-6E8B-4513-A2F5-1BE20208EE00}.Release|Any CPU.ActiveCfg = Release|Any CPU
		{4860C864-6E8B-4513-A2F5-1BE20208EE00}.Release|Any CPU.Build.0 = Release|Any CPU
		{7C6C9911-87CB-41BA-ADDB-471418BEF234}.Debug|Any CPU.ActiveCfg = Debug|Any CPU
		{7C6C9911-87CB-41BA-ADDB-471418BEF234}.Debug|Any CPU.Build.0 = Debug|Any CPU
		{7C6C9911-87CB-41BA-ADDB-471418BEF234}.Release|Any CPU.ActiveCfg = Release|Any CPU
		{7C6C9911-87CB-41BA-ADDB-471418BEF234}.Release|Any CPU.Build.0 = Release|Any CPU
		{784E8787-E863-4F01-BB3D-EDBFF246D984}.Debug|Any CPU.ActiveCfg = Debug|Any CPU
		{784E8787-E863-4F01-BB3D-EDBFF246D984}.Debug|Any CPU.Build.0 = Debug|Any CPU
		{784E8787-E863-4F01-BB3D-EDBFF246D984}.Release|Any CPU.ActiveCfg = Release|Any CPU
		{784E8787-E863-4F01-BB3D-EDBFF246D984}.Release|Any CPU.Build.0 = Release|Any CPU
		{BF6F476E-F23C-4AC1-82A9-6DBC74095806}.Debug|Any CPU.ActiveCfg = Debug|Any CPU
		{BF6F476E-F23C-4AC1-82A9-6DBC74095806}.Debug|Any CPU.Build.0 = Debug|Any CPU
		{BF6F476E-F23C-4AC1-82A9-6DBC74095806}.Release|Any CPU.ActiveCfg = Release|Any CPU
		{BF6F476E-F23C-4AC1-82A9-6DBC74095806}.Release|Any CPU.Build.0 = Release|Any CPU
		{4B060C14-11F8-4B6B-9415-4EE60D2CFB23}.Debug|Any CPU.ActiveCfg = Debug|Any CPU
		{4B060C14-11F8-4B6B-9415-4EE60D2CFB23}.Debug|Any CPU.Build.0 = Debug|Any CPU
		{4B060C14-11F8-4B6B-9415-4EE60D2CFB23}.Release|Any CPU.ActiveCfg = Release|Any CPU
		{4B060C14-11F8-4B6B-9415-4EE60D2CFB23}.Release|Any CPU.Build.0 = Release|Any CPU
		{6222D097-8690-4AB5-87F9-67C9DA15C96B}.Debug|Any CPU.ActiveCfg = Debug|Any CPU
		{6222D097-8690-4AB5-87F9-67C9DA15C96B}.Debug|Any CPU.Build.0 = Debug|Any CPU
		{6222D097-8690-4AB5-87F9-67C9DA15C96B}.Release|Any CPU.ActiveCfg = Release|Any CPU
		{6222D097-8690-4AB5-87F9-67C9DA15C96B}.Release|Any CPU.Build.0 = Release|Any CPU
		{AD03CEFD-0CEF-4461-A367-508FD90A2C5F}.Debug|Any CPU.ActiveCfg = Debug|Any CPU
		{AD03CEFD-0CEF-4461-A367-508FD90A2C5F}.Debug|Any CPU.Build.0 = Debug|Any CPU
		{AD03CEFD-0CEF-4461-A367-508FD90A2C5F}.Release|Any CPU.ActiveCfg = Release|Any CPU
		{AD03CEFD-0CEF-4461-A367-508FD90A2C5F}.Release|Any CPU.Build.0 = Release|Any CPU
		{E73A8DDB-5906-4338-A27E-2BB90A00B661}.Debug|Any CPU.ActiveCfg = Debug|Any CPU
		{E73A8DDB-5906-4338-A27E-2BB90A00B661}.Debug|Any CPU.Build.0 = Debug|Any CPU
		{E73A8DDB-5906-4338-A27E-2BB90A00B661}.Release|Any CPU.ActiveCfg = Release|Any CPU
		{E73A8DDB-5906-4338-A27E-2BB90A00B661}.Release|Any CPU.Build.0 = Release|Any CPU
	EndGlobalSection
	GlobalSection(SolutionProperties) = preSolution
		HideSolutionNode = FALSE
	EndGlobalSection
	GlobalSection(NestedProjects) = preSolution
		{A8587B0A-0623-4BAE-8B6F-B59213B44E04} = {6EED7DA0-3805-41A6-9D53-1E2719835060}
		{F37FBA59-E242-46C4-B3E9-9F69E7A08CF7} = {6EED7DA0-3805-41A6-9D53-1E2719835060}
		{6E5B685B-679C-483F-852C-72AF5F369675} = {6EED7DA0-3805-41A6-9D53-1E2719835060}
		{D0B75BF1-3DFA-4866-91C5-DBB585D2F9AC} = {250494BA-A673-4D28-9EB4-E2D9AB4A6024}
		{022A26D6-6E34-4835-BC38-35A899405E7F} = {250494BA-A673-4D28-9EB4-E2D9AB4A6024}
		{71DE14F1-7780-4CE5-8700-6C29527FE9C4} = {250494BA-A673-4D28-9EB4-E2D9AB4A6024}
		{6852312B-7019-41BD-BF8B-93548AF7C88D} = {CF84AEB5-1491-4298-965D-5F6A5B7D7BFE}
		{959F67DF-213D-4362-BABF-643E80A22A35} = {CF84AEB5-1491-4298-965D-5F6A5B7D7BFE}
		{BE907846-AF61-44CB-9F65-8E811D00C291} = {CF84AEB5-1491-4298-965D-5F6A5B7D7BFE}
		{46B26773-FC8D-4DE6-AABD-039157CFFBD1} = {E75BDD94-EF60-4010-9173-A00CDFDDBA29}
		{00C6682D-992C-4734-9FCF-388A49E2DD09} = {E75BDD94-EF60-4010-9173-A00CDFDDBA29}
		{8079DC2D-D320-481E-8876-3A11CB43049C} = {E75BDD94-EF60-4010-9173-A00CDFDDBA29}
		{53AA1876-69CB-4251-A636-3A0B1D0F3B8B} = {DE2B4ECB-496E-4397-A6FA-C5F0F82AAB5B}
		{4860C864-6E8B-4513-A2F5-1BE20208EE00} = {DE2B4ECB-496E-4397-A6FA-C5F0F82AAB5B}
		{7C6C9911-87CB-41BA-ADDB-471418BEF234} = {DE2B4ECB-496E-4397-A6FA-C5F0F82AAB5B}
		{784E8787-E863-4F01-BB3D-EDBFF246D984} = {61CBB5C8-48F9-43B8-8C81-176CD5D92BBE}
		{BF6F476E-F23C-4AC1-82A9-6DBC74095806} = {61CBB5C8-48F9-43B8-8C81-176CD5D92BBE}
		{4B060C14-11F8-4B6B-9415-4EE60D2CFB23} = {61CBB5C8-48F9-43B8-8C81-176CD5D92BBE}
		{6222D097-8690-4AB5-87F9-67C9DA15C96B} = {6575C842-C24B-4E9E-A377-D6E137BA9471}
		{AD03CEFD-0CEF-4461-A367-508FD90A2C5F} = {6575C842-C24B-4E9E-A377-D6E137BA9471}
		{E73A8DDB-5906-4338-A27E-2BB90A00B661} = {6575C842-C24B-4E9E-A377-D6E137BA9471}
	EndGlobalSection
	GlobalSection(ExtensibilityGlobals) = postSolution
		SolutionGuid = {F6CC6033-94FF-4843-A5CA-CE8DBDD82B80}
	EndGlobalSection
EndGlobal
